{
    "_readme": [
        "This file locks the dependencies of your project to a known state",
        "Read more about it at https://getcomposer.org/doc/01-basic-usage.md#installing-dependencies",
        "This file is @generated automatically"
    ],
    "content-hash": "c38227b6f7022d9aba93f9ed2e29e83d",
    "packages": [
        {
            "name": "dapr/php-sdk",
            "version": "dev-main",
            "source": {
                "type": "git",
                "url": "https://github.com/dapr/php-sdk.git",
                "reference": "2ab860c527b1f4e5945f7ab184f1c1ab847e4be4"
            },
            "dist": {
                "type": "zip",
                "url": "https://api.github.com/repos/dapr/php-sdk/zipball/2ab860c527b1f4e5945f7ab184f1c1ab847e4be4",
                "reference": "2ab860c527b1f4e5945f7ab184f1c1ab847e4be4",
                "shasum": ""
            },
            "require": {
                "ext-curl": "*",
                "ext-json": "*",
                "ext-mbstring": "*",
                "php": "8.0"
            },
            "require-dev": {
                "ext-xdebug": "*",
                "phpunit/phpunit": "^9",
                "vimeo/psalm": "^4.3"
            },
            "default-branch": true,
            "type": "library",
            "autoload": {
                "psr-4": {
                    "Dapr\\": "src/lib",
                    "Dapr\\TestActors\\": "test/actors"
                }
            },
            "scripts": {
                "test": [
                    "./vendor/bin/phpunit --testdox tests"
                ],
                "start": [
                    "PHP_CLI_SERVER_WORKERS=100 dapr run -i dev -p 9502 -- php -S 0.0.0.0:9502 -t src"
                ],
                "lint": [
                    "./vendor/bin/psalm"
                ]
            },
            "license": [
                "MIT"
            ],
            "authors": [
                {
                    "name": "Rob Landers",
                    "email": "landers.robert@gmail.com"
                }
            ],
            "description": "Dapr Implementation in PHP",
            "support": {
                "source": "https://github.com/dapr/php-sdk/tree/main",
                "issues": "https://github.com/dapr/php-sdk/issues"
            },
            "time": "2020-12-21T16:14:03+00:00"
        }
    ],
    "packages-dev": [],
    "aliases": [],
    "minimum-stability": "stable",
    "stability-flags": {
        "dapr/php-sdk": 20
    },
    "prefer-stable": false,
    "prefer-lowest": false,
    "platform": [],
    "platform-dev": [],
    "plugin-api-version": "2.0.0"
}
