
Microsoft Visual Studio Solution File, Format Version 12.00
# Visual Studio Version 17
VisualStudioVersion = 17.0.31903.59
MinimumVisualStudioVersion = 10.0.40219.1
Project("{FAE04EC0-301F-11D3-BF4B-00C04F79EFBC}") = "JobsApp", "JobsApp/JobsApp.csproj", "{4F0E7704-CB1D-48E8-A357-9E33FB7003D5}"
EndProject
Project("{FAE04EC0-301F-11D3-BF4B-00C04F79EFBC}") = "EtlService", "EtlService\EtlService.csproj", "{797B142F-3AA3-4EEF-B718-227AEADED508}"
EndProject
Global
	GlobalSection(SolutionConfigurationPlatforms) = preSolution
		Debug|Any CPU = Debug|Any CPU
		Release|Any CPU = Release|Any CPU
	EndGlobalSection
	GlobalSection(SolutionProperties) = preSolution
		HideSolutionNode = FALSE
	EndGlobalSection
	GlobalSection(ProjectConfigurationPlatforms) = postSolution
		{4F0E7704-CB1D-48E8-A357-9E33FB7003D5}.Debug|Any CPU.ActiveCfg = Debug|Any CPU
		{4F0E7704-CB1D-48E8-A357-9E33FB7003D5}.Debug|Any CPU.Build.0 = Debug|Any CPU
		{4F0E7704-CB1D-48E8-A357-9E33FB7003D5}.Release|Any CPU.ActiveCfg = Release|Any CPU
		{4F0E7704-CB1D-48E8-A357-9E33FB7003D5}.Release|Any CPU.Build.0 = Release|Any CPU
		{797B142F-3AA3-4EEF-B718-227AEADED508}.Debug|Any CPU.ActiveCfg = Debug|Any CPU
		{797B142F-3AA3-4EEF-B718-227AEADED508}.Debug|Any CPU.Build.0 = Debug|Any CPU
		{797B142F-3AA3-4EEF-B718-227AEADED508}.Release|Any CPU.ActiveCfg = Release|Any CPU
		{797B142F-3AA3-4EEF-B718-227AEADED508}.Release|Any CPU.Build.0 = Release|Any CPU
	EndGlobalSection
EndGlobal
